
Microsoft Visual Studio Solution File, Format Version 12.00
# Visual Studio Version 17
VisualStudioVersion = 17.7.34024.191
MinimumVisualStudioVersion = 10.0.40219.1
Project("{9A19103F-16F7-4668-BE54-9A1E7A4F7556}") = "PandaQuest", "PandaQuest\PandaQuest.csproj", "{36567F02-568C-46C8-B132-9B23E67C8C04}"
EndProject
Project("{2150E333-8FDC-42A3-9474-1A3956D46DE8}") = "Solution Items", "Solution Items", "{B1550BE4-8893-4066-B615-4009AF80998B}"
	ProjectSection(SolutionItems) = preProject
		.editorconfig = .editorconfig
	EndProjectSection
EndProject
Project("{FAE04EC0-301F-11D3-BF4B-00C04F79EFBC}") = "PandaQuest.Tests", "PandaQuest.Tests\PandaQuest.Tests.csproj", "{708DF93A-AED2-44DB-95F7-38127B031508}"
EndProject
Global
	GlobalSection(SolutionConfigurationPlatforms) = preSolution
		Debug|Any CPU = Debug|Any CPU
		Release|Any CPU = Release|Any CPU
	EndGlobalSection
	GlobalSection(ProjectConfigurationPlatforms) = postSolution
		{36567F02-568C-46C8-B132-9B23E67C8C04}.Debug|Any CPU.ActiveCfg = Debug|Any CPU
		{36567F02-568C-46C8-B132-9B23E67C8C04}.Debug|Any CPU.Build.0 = Debug|Any CPU
		{36567F02-568C-46C8-B132-9B23E67C8C04}.Release|Any CPU.ActiveCfg = Release|Any CPU
		{36567F02-568C-46C8-B132-9B23E67C8C04}.Release|Any CPU.Build.0 = Release|Any CPU
		{708DF93A-AED2-44DB-95F7-38127B031508}.Debug|Any CPU.ActiveCfg = Debug|Any CPU
		{708DF93A-AED2-44DB-95F7-38127B031508}.Debug|Any CPU.Build.0 = Debug|Any CPU
		{708DF93A-AED2-44DB-95F7-38127B031508}.Release|Any CPU.ActiveCfg = Release|Any CPU
		{708DF93A-AED2-44DB-95F7-38127B031508}.Release|Any CPU.Build.0 = Release|Any CPU
	EndGlobalSection
	GlobalSection(SolutionProperties) = preSolution
		HideSolutionNode = FALSE
	EndGlobalSection
	GlobalSection(ExtensibilityGlobals) = postSolution
		SolutionGuid = {698313F2-7AA8-4596-831E-09B4D5A49FD9}
	EndGlobalSection
EndGlobal
